
Microsoft Visual Studio Solution File, Format Version 12.00
# Visual Studio Version 17
VisualStudioVersion = 17.13.35931.197
MinimumVisualStudioVersion = 10.0.40219.1
Project("{FAE04EC0-301F-11D3-BF4B-00C04F79EFBC}") = "adota-pet.test", "adota-pet.test.csproj", "{C36195EE-8396-4E55-8791-E9D3F19CB029}"
EndProject
Project("{FAE04EC0-301F-11D3-BF4B-00C04F79EFBC}") = "api-adota-pet", "..\..\api-adota-pet-api\api-adota-pet\api-adota-pet.csproj", "{80B7D7E4-ABB8-B024-9A1C-77C0836154C6}"
EndProject
Global
	GlobalSection(SolutionConfigurationPlatforms) = preSolution
		Debug|Any CPU = Debug|Any CPU
		Release|Any CPU = Release|Any CPU
	EndGlobalSection
	GlobalSection(ProjectConfigurationPlatforms) = postSolution
		{C36195EE-8396-4E55-8791-E9D3F19CB029}.Debug|Any CPU.ActiveCfg = Debug|Any CPU
		{C36195EE-8396-4E55-8791-E9D3F19CB029}.Debug|Any CPU.Build.0 = Debug|Any CPU
		{C36195EE-8396-4E55-8791-E9D3F19CB029}.Release|Any CPU.ActiveCfg = Release|Any CPU
		{C36195EE-8396-4E55-8791-E9D3F19CB029}.Release|Any CPU.Build.0 = Release|Any CPU
		{80B7D7E4-ABB8-B024-9A1C-77C0836154C6}.Debug|Any CPU.ActiveCfg = Debug|Any CPU
		{80B7D7E4-ABB8-B024-9A1C-77C0836154C6}.Debug|Any CPU.Build.0 = Debug|Any CPU
		{80B7D7E4-ABB8-B024-9A1C-77C0836154C6}.Release|Any CPU.ActiveCfg = Release|Any CPU
		{80B7D7E4-ABB8-B024-9A1C-77C0836154C6}.Release|Any CPU.Build.0 = Release|Any CPU
	EndGlobalSection
	GlobalSection(SolutionProperties) = preSolution
		HideSolutionNode = FALSE
	EndGlobalSection
	GlobalSection(ExtensibilityGlobals) = postSolution
		SolutionGuid = {19111B1E-D42F-4758-99BC-3E158A3C18FC}
	EndGlobalSection
EndGlobal
